
Microsoft Visual Studio Solution File, Format Version 12.00
# Visual Studio Version 16
VisualStudioVersion = 16.0.32106.194
MinimumVisualStudioVersion = 10.0.40219.1
Project("{FAE04EC0-301F-11D3-BF4B-00C04F79EFBC}") = "AspNetCoreWebApi1", "AspNetCoreWebApi1\AspNetCoreWebApi1.csproj", "{364CE78A-5C3F-4DBD-BF3A-4FD05C5C5176}"
EndProject
Global
	GlobalSection(SolutionConfigurationPlatforms) = preSolution
		Debug|Any CPU = Debug|Any CPU
		Release|Any CPU = Release|Any CPU
	EndGlobalSection
	GlobalSection(ProjectConfigurationPlatforms) = postSolution
		{364CE78A-5C3F-4DBD-BF3A-4FD05C5C5176}.Debug|Any CPU.ActiveCfg = Debug|Any CPU
		{364CE78A-5C3F-4DBD-BF3A-4FD05C5C5176}.Debug|Any CPU.Build.0 = Debug|Any CPU
		{364CE78A-5C3F-4DBD-BF3A-4FD05C5C5176}.Release|Any CPU.ActiveCfg = Release|Any CPU
		{364CE78A-5C3F-4DBD-BF3A-4FD05C5C5176}.Release|Any CPU.Build.0 = Release|Any CPU
	EndGlobalSection
	GlobalSection(SolutionProperties) = preSolution
		HideSolutionNode = FALSE
	EndGlobalSection
	GlobalSection(ExtensibilityGlobals) = postSolution
		SolutionGuid = {BD743D9B-761B-43E9-8FBA-B94431DD7804}
	EndGlobalSection
EndGlobal
